
Microsoft Visual Studio Solution File, Format Version 12.00
# Visual Studio Version 17
VisualStudioVersion = 17.0.32014.148
MinimumVisualStudioVersion = 10.0.40219.1
Project("{FAE04EC0-301F-11D3-BF4B-00C04F79EFBC}") = "FirstWebApplication", "FirstWebApplication\FirstWebApplication.csproj", "{DCB5115B-FED8-4243-844B-685EEBF56EE0}"
EndProject
Global
	GlobalSection(SolutionConfigurationPlatforms) = preSolution
		Debug|Any CPU = Debug|Any CPU
		Release|Any CPU = Release|Any CPU
	EndGlobalSection
	GlobalSection(ProjectConfigurationPlatforms) = postSolution
		{DCB5115B-FED8-4243-844B-685EEBF56EE0}.Debug|Any CPU.ActiveCfg = Debug|Any CPU
		{DCB5115B-FED8-4243-844B-685EEBF56EE0}.Debug|Any CPU.Build.0 = Debug|Any CPU
		{DCB5115B-FED8-4243-844B-685EEBF56EE0}.Release|Any CPU.ActiveCfg = Release|Any CPU
		{DCB5115B-FED8-4243-844B-685EEBF56EE0}.Release|Any CPU.Build.0 = Release|Any CPU
	EndGlobalSection
	GlobalSection(SolutionProperties) = preSolution
		HideSolutionNode = FALSE
	EndGlobalSection
	GlobalSection(ExtensibilityGlobals) = postSolution
		SolutionGuid = {FE27EAF3-CA81-42F1-80EF-BFDEEFC53F30}
	EndGlobalSection
EndGlobal
